PODS:
  - OpenCV (3.4.2)
  - VRHouseFramework (0.1.0):
    - OpenCV

DEPENDENCIES:
  - VRHouseFramework (from `../`)

SPEC REPOS:
  https://github.com/cocoapods/specs.git:
    - OpenCV

EXTERNAL SOURCES:
  VRHouseFramework:
    :path: "../"

SPEC CHECKSUMS:
  OpenCV: 452909747854c92e0f59670961ed5131f5286cb5
  VRHouseFramework: f3408330c9cde5fb78fdd25a934c85eeabe3e9df

PODFILE CHECKSUM: e44184b15e6c2b53c624bbad8b0b5464bcf1968c

COCOAPODS: 1.5.3
